
Microsoft Visual Studio Solution File, Format Version 12.00
# Visual Studio 15
VisualStudioVersion = 15.0.26228.4
MinimumVisualStudioVersion = 10.0.40219.1
Project("{9A19103F-16F7-4668-BE54-9A1E7A4F7556}") = "WebSocketManager.Common", "src\WebSocketManager.Common\WebSocketManager.Common.csproj", "{E02806BF-EA9F-4A4C-86ED-68D68BA49ABF}"
EndProject
Project("{9A19103F-16F7-4668-BE54-9A1E7A4F7556}") = "WebSocketManager", "src\WebSocketManager\WebSocketManager.csproj", "{633F738C-659D-40A5-B46E-3C9B28F279A6}"
EndProject
Project("{9A19103F-16F7-4668-BE54-9A1E7A4F7556}") = "WebSocketManager.Client", "src\WebSocketManager.Client\WebSocketManager.Client.csproj", "{2D78B356-07F6-421A-9717-B7CD63897263}"
EndProject
Project("{9A19103F-16F7-4668-BE54-9A1E7A4F7556}") = "WebSocketManager.Tests", "test\WebSocketManager.Tests\WebSocketManager.Tests.csproj", "{055CA15E-2D9C-4305-AC65-A58CC89F3072}"
EndProject
Project("{9A19103F-16F7-4668-BE54-9A1E7A4F7556}") = "WebSocketManager.Sockets", "src\WebSocketManager.Sockets\WebSocketManager.Sockets.csproj", "{4D90D7FC-8628-4681-8EDA-E03422D5D698}"
EndProject
Project("{9A19103F-16F7-4668-BE54-9A1E7A4F7556}") = "AsyncWebSocketClient", "src\AsyncWebSocketClient\AsyncWebSocketClient.csproj", "{B0E6626D-FE2C-415C-8768-E70121783091}"
EndProject
Project("{FAE04EC0-301F-11D3-BF4B-00C04F79EFBC}") = "WebSocketManager.Scaleout", "src\WebSocketManager.Scaleout\WebSocketManager.Scaleout.csproj", "{F828FDF4-16CC-4880-BC4F-CD222F33A9AF}"
EndProject
Global
	GlobalSection(SolutionConfigurationPlatforms) = preSolution
		Debug|Any CPU = Debug|Any CPU
		Debug|x64 = Debug|x64
		Debug|x86 = Debug|x86
		Release|Any CPU = Release|Any CPU
		Release|x64 = Release|x64
		Release|x86 = Release|x86
	EndGlobalSection
	GlobalSection(ProjectConfigurationPlatforms) = postSolution
		{E02806BF-EA9F-4A4C-86ED-68D68BA49ABF}.Debug|Any CPU.ActiveCfg = Debug|Any CPU
		{E02806BF-EA9F-4A4C-86ED-68D68BA49ABF}.Debug|Any CPU.Build.0 = Debug|Any CPU
		{E02806BF-EA9F-4A4C-86ED-68D68BA49ABF}.Debug|x64.ActiveCfg = Debug|Any CPU
		{E02806BF-EA9F-4A4C-86ED-68D68BA49ABF}.Debug|x64.Build.0 = Debug|Any CPU
		{E02806BF-EA9F-4A4C-86ED-68D68BA49ABF}.Debug|x86.ActiveCfg = Debug|Any CPU
		{E02806BF-EA9F-4A4C-86ED-68D68BA49ABF}.Debug|x86.Build.0 = Debug|Any CPU
		{E02806BF-EA9F-4A4C-86ED-68D68BA49ABF}.Release|Any CPU.ActiveCfg = Release|Any CPU
		{E02806BF-EA9F-4A4C-86ED-68D68BA49ABF}.Release|Any CPU.Build.0 = Release|Any CPU
		{E02806BF-EA9F-4A4C-86ED-68D68BA49ABF}.Release|x64.ActiveCfg = Release|Any CPU
		{E02806BF-EA9F-4A4C-86ED-68D68BA49ABF}.Release|x64.Build.0 = Release|Any CPU
		{E02806BF-EA9F-4A4C-86ED-68D68BA49ABF}.Release|x86.ActiveCfg = Release|Any CPU
		{E02806BF-EA9F-4A4C-86ED-68D68BA49ABF}.Release|x86.Build.0 = Release|Any CPU
		{633F738C-659D-40A5-B46E-3C9B28F279A6}.Debug|Any CPU.ActiveCfg = Debug|Any CPU
		{633F738C-659D-40A5-B46E-3C9B28F279A6}.Debug|Any CPU.Build.0 = Debug|Any CPU
		{633F738C-659D-40A5-B46E-3C9B28F279A6}.Debug|x64.ActiveCfg = Debug|Any CPU
		{633F738C-659D-40A5-B46E-3C9B28F279A6}.Debug|x64.Build.0 = Debug|Any CPU
		{633F738C-659D-40A5-B46E-3C9B28F279A6}.Debug|x86.ActiveCfg = Debug|Any CPU
		{633F738C-659D-40A5-B46E-3C9B28F279A6}.Debug|x86.Build.0 = Debug|Any CPU
		{633F738C-659D-40A5-B46E-3C9B28F279A6}.Release|Any CPU.ActiveCfg = Release|Any CPU
		{633F738C-659D-40A5-B46E-3C9B28F279A6}.Release|Any CPU.Build.0 = Release|Any CPU
		{633F738C-659D-40A5-B46E-3C9B28F279A6}.Release|x64.ActiveCfg = Release|Any CPU
		{633F738C-659D-40A5-B46E-3C9B28F279A6}.Release|x64.Build.0 = Release|Any CPU
		{633F738C-659D-40A5-B46E-3C9B28F279A6}.Release|x86.ActiveCfg = Release|Any CPU
		{633F738C-659D-40A5-B46E-3C9B28F279A6}.Release|x86.Build.0 = Release|Any CPU
		{2D78B356-07F6-421A-9717-B7CD63897263}.Debug|Any CPU.ActiveCfg = Debug|Any CPU
		{2D78B356-07F6-421A-9717-B7CD63897263}.Debug|Any CPU.Build.0 = Debug|Any CPU
		{2D78B356-07F6-421A-9717-B7CD63897263}.Debug|x64.ActiveCfg = Debug|Any CPU
		{2D78B356-07F6-421A-9717-B7CD63897263}.Debug|x64.Build.0 = Debug|Any CPU
		{2D78B356-07F6-421A-9717-B7CD63897263}.Debug|x86.ActiveCfg = Debug|Any CPU
		{2D78B356-07F6-421A-9717-B7CD63897263}.Debug|x86.Build.0 = Debug|Any CPU
		{2D78B356-07F6-421A-9717-B7CD63897263}.Release|Any CPU.ActiveCfg = Release|Any CPU
		{2D78B356-07F6-421A-9717-B7CD63897263}.Release|Any CPU.Build.0 = Release|Any CPU
		{2D78B356-07F6-421A-9717-B7CD63897263}.Release|x64.ActiveCfg = Release|Any CPU
		{2D78B356-07F6-421A-9717-B7CD63897263}.Release|x64.Build.0 = Release|Any CPU
		{2D78B356-07F6-421A-9717-B7CD63897263}.Release|x86.ActiveCfg = Release|Any CPU
		{2D78B356-07F6-421A-9717-B7CD63897263}.Release|x86.Build.0 = Release|Any CPU
		{055CA15E-2D9C-4305-AC65-A58CC89F3072}.Debug|Any CPU.ActiveCfg = Debug|Any CPU
		{055CA15E-2D9C-4305-AC65-A58CC89F3072}.Debug|Any CPU.Build.0 = Debug|Any CPU
		{055CA15E-2D9C-4305-AC65-A58CC89F3072}.Debug|x64.ActiveCfg = Debug|Any CPU
		{055CA15E-2D9C-4305-AC65-A58CC89F3072}.Debug|x64.Build.0 = Debug|Any CPU
		{055CA15E-2D9C-4305-AC65-A58CC89F3072}.Debug|x86.ActiveCfg = Debug|Any CPU
		{055CA15E-2D9C-4305-AC65-A58CC89F3072}.Debug|x86.Build.0 = Debug|Any CPU
		{055CA15E-2D9C-4305-AC65-A58CC89F3072}.Release|Any CPU.ActiveCfg = Release|Any CPU
		{055CA15E-2D9C-4305-AC65-A58CC89F3072}.Release|Any CPU.Build.0 = Release|Any CPU
		{055CA15E-2D9C-4305-AC65-A58CC89F3072}.Release|x64.ActiveCfg = Release|Any CPU
		{055CA15E-2D9C-4305-AC65-A58CC89F3072}.Release|x64.Build.0 = Release|Any CPU
		{055CA15E-2D9C-4305-AC65-A58CC89F3072}.Release|x86.ActiveCfg = Release|Any CPU
		{055CA15E-2D9C-4305-AC65-A58CC89F3072}.Release|x86.Build.0 = Release|Any CPU
		{4D90D7FC-8628-4681-8EDA-E03422D5D698}.Debug|Any CPU.ActiveCfg = Debug|Any CPU
		{4D90D7FC-8628-4681-8EDA-E03422D5D698}.Debug|Any CPU.Build.0 = Debug|Any CPU
		{4D90D7FC-8628-4681-8EDA-E03422D5D698}.Debug|x64.ActiveCfg = Debug|Any CPU
		{4D90D7FC-8628-4681-8EDA-E03422D5D698}.Debug|x64.Build.0 = Debug|Any CPU
		{4D90D7FC-8628-4681-8EDA-E03422D5D698}.Debug|x86.ActiveCfg = Debug|Any CPU
		{4D90D7FC-8628-4681-8EDA-E03422D5D698}.Debug|x86.Build.0 = Debug|Any CPU
		{4D90D7FC-8628-4681-8EDA-E03422D5D698}.Release|Any CPU.ActiveCfg = Release|Any CPU
		{4D90D7FC-8628-4681-8EDA-E03422D5D698}.Release|Any CPU.Build.0 = Release|Any CPU
		{4D90D7FC-8628-4681-8EDA-E03422D5D698}.Release|x64.ActiveCfg = Release|Any CPU
		{4D90D7FC-8628-4681-8EDA-E03422D5D698}.Release|x64.Build.0 = Release|Any CPU
		{4D90D7FC-8628-4681-8EDA-E03422D5D698}.Release|x86.ActiveCfg = Release|Any CPU
		{4D90D7FC-8628-4681-8EDA-E03422D5D698}.Release|x86.Build.0 = Release|Any CPU
		{B0E6626D-FE2C-415C-8768-E70121783091}.Debug|Any CPU.ActiveCfg = Debug|Any CPU
		{B0E6626D-FE2C-415C-8768-E70121783091}.Debug|Any CPU.Build.0 = Debug|Any CPU
		{B0E6626D-FE2C-415C-8768-E70121783091}.Debug|x64.ActiveCfg = Debug|Any CPU
		{B0E6626D-FE2C-415C-8768-E70121783091}.Debug|x64.Build.0 = Debug|Any CPU
		{B0E6626D-FE2C-415C-8768-E70121783091}.Debug|x86.ActiveCfg = Debug|Any CPU
		{B0E6626D-FE2C-415C-8768-E70121783091}.Debug|x86.Build.0 = Debug|Any CPU
		{B0E6626D-FE2C-415C-8768-E70121783091}.Release|Any CPU.ActiveCfg = Release|Any CPU
		{B0E6626D-FE2C-415C-8768-E70121783091}.Release|Any CPU.Build.0 = Release|Any CPU
		{B0E6626D-FE2C-415C-8768-E70121783091}.Release|x64.ActiveCfg = Release|Any CPU
		{B0E6626D-FE2C-415C-8768-E70121783091}.Release|x64.Build.0 = Release|Any CPU
		{B0E6626D-FE2C-415C-8768-E70121783091}.Release|x86.ActiveCfg = Release|Any CPU
		{B0E6626D-FE2C-415C-8768-E70121783091}.Release|x86.Build.0 = Release|Any CPU
		{F828FDF4-16CC-4880-BC4F-CD222F33A9AF}.Debug|Any CPU.ActiveCfg = Debug|Any CPU
		{F828FDF4-16CC-4880-BC4F-CD222F33A9AF}.Debug|Any CPU.Build.0 = Debug|Any CPU
		{F828FDF4-16CC-4880-BC4F-CD222F33A9AF}.Debug|x64.ActiveCfg = Debug|Any CPU
		{F828FDF4-16CC-4880-BC4F-CD222F33A9AF}.Debug|x64.Build.0 = Debug|Any CPU
		{F828FDF4-16CC-4880-BC4F-CD222F33A9AF}.Debug|x86.ActiveCfg = Debug|Any CPU
		{F828FDF4-16CC-4880-BC4F-CD222F33A9AF}.Debug|x86.Build.0 = Debug|Any CPU
		{F828FDF4-16CC-4880-BC4F-CD222F33A9AF}.Release|Any CPU.ActiveCfg = Release|Any CPU
		{F828FDF4-16CC-4880-BC4F-CD222F33A9AF}.Release|Any CPU.Build.0 = Release|Any CPU
		{F828FDF4-16CC-4880-BC4F-CD222F33A9AF}.Release|x64.ActiveCfg = Release|Any CPU
		{F828FDF4-16CC-4880-BC4F-CD222F33A9AF}.Release|x64.Build.0 = Release|Any CPU
		{F828FDF4-16CC-4880-BC4F-CD222F33A9AF}.Release|x86.ActiveCfg = Release|Any CPU
		{F828FDF4-16CC-4880-BC4F-CD222F33A9AF}.Release|x86.Build.0 = Release|Any CPU
	EndGlobalSection
	GlobalSection(SolutionProperties) = preSolution
		HideSolutionNode = FALSE
	EndGlobalSection
EndGlobal
