
Microsoft Visual Studio Solution File, Format Version 12.00
# Visual Studio 15
VisualStudioVersion = 15.0.26403.3
MinimumVisualStudioVersion = 10.0.40219.1
Project("{9A19103F-16F7-4668-BE54-9A1E7A4F7556}") = "ChatApplication", "ChatApplication\ChatApplication.csproj", "{C64533FC-4066-438D-9297-BDF1150B3F9A}"
EndProject
Project("{9A19103F-16F7-4668-BE54-9A1E7A4F7556}") = "EchoConsoleClient", "EchoConsoleClient\EchoConsoleClient.csproj", "{DDE2DC69-2CD5-4C4F-98D3-3609942A6E63}"
EndProject
Project("{9A19103F-16F7-4668-BE54-9A1E7A4F7556}") = "MvcSample", "MvcSample\MvcSample.csproj", "{89A1D156-DE58-4C80-B8C3-B1B389764D95}"
EndProject
Project("{9A19103F-16F7-4668-BE54-9A1E7A4F7556}") = "WebSocketManager", "..\src\WebSocketManager\WebSocketManager.csproj", "{9D92BAD3-058A-452C-8701-C0E7C3AE268E}"
EndProject
Project("{9A19103F-16F7-4668-BE54-9A1E7A4F7556}") = "WebSocketManager.Common", "..\src\WebSocketManager.Common\WebSocketManager.Common.csproj", "{2A5BA455-1A0F-4B36-998D-0FBDBCF69137}"
EndProject
Project("{9A19103F-16F7-4668-BE54-9A1E7A4F7556}") = "WebSocketManager.Client", "..\src\WebSocketManager.Client\WebSocketManager.Client.csproj", "{818BF6BF-9F97-47E5-8AFC-77E3EDA2A5C9}"
EndProject
Project("{9A19103F-16F7-4668-BE54-9A1E7A4F7556}") = "WebSocketManager.Tests", "..\test\WebSocketManager.Tests\WebSocketManager.Tests.csproj", "{8700169A-D8F2-49C0-A5E7-AC4CD2704F92}"
EndProject
Project("{9A19103F-16F7-4668-BE54-9A1E7A4F7556}") = "AsyncWebSocketClient", "..\src\AsyncWebSocketClient\AsyncWebSocketClient.csproj", "{345B6CFE-BFB6-40BF-BA29-C55BF3F36B03}"
EndProject
Project("{9A19103F-16F7-4668-BE54-9A1E7A4F7556}") = "WebSocketManager.Sockets", "..\src\WebSocketManager.Sockets\WebSocketManager.Sockets.csproj", "{68B11319-F6CA-42F6-97ED-0F0737F524B6}"
EndProject
Project("{FAE04EC0-301F-11D3-BF4B-00C04F79EFBC}") = "AsyncWebSocketClient.Tests", "..\test\AsyncWebSocketClient.Tests\AsyncWebSocketClient.Tests.csproj", "{3A942AFA-B235-4641-8395-5F0757F6FED3}"
EndProject
Project("{2150E333-8FDC-42A3-9474-1A3956D46DE8}") = "src", "src", "{D28372A5-F895-4BF6-8069-7D9FA3302005}"
EndProject
Project("{2150E333-8FDC-42A3-9474-1A3956D46DE8}") = "tests", "tests", "{F5361906-E39C-406A-8C95-B14694F74944}"
EndProject
Project("{2150E333-8FDC-42A3-9474-1A3956D46DE8}") = "samples", "samples", "{C37D00AF-DAC9-491B-B5C6-A207710F2A29}"
EndProject
Project("{2150E333-8FDC-42A3-9474-1A3956D46DE8}") = "Solution Items", "Solution Items", "{D991FE5D-7789-47DC-B587-E13D7DA0A27D}"
	ProjectSection(SolutionItems) = preProject
		..\version.props = ..\version.props
	EndProjectSection
EndProject
Project("{9A19103F-16F7-4668-BE54-9A1E7A4F7556}") = "WebSocketManager.Scaleout", "..\src\WebSocketManager.Scaleout\WebSocketManager.Scaleout.csproj", "{39170A5E-0901-44C6-BEC5-FEDD795EDA40}"
EndProject
Global
	GlobalSection(SolutionConfigurationPlatforms) = preSolution
		Debug|Any CPU = Debug|Any CPU
		Debug|x64 = Debug|x64
		Debug|x86 = Debug|x86
		Release|Any CPU = Release|Any CPU
		Release|x64 = Release|x64
		Release|x86 = Release|x86
	EndGlobalSection
	GlobalSection(ProjectConfigurationPlatforms) = postSolution
		{C64533FC-4066-438D-9297-BDF1150B3F9A}.Debug|Any CPU.ActiveCfg = Debug|Any CPU
		{C64533FC-4066-438D-9297-BDF1150B3F9A}.Debug|Any CPU.Build.0 = Debug|Any CPU
		{C64533FC-4066-438D-9297-BDF1150B3F9A}.Debug|x64.ActiveCfg = Debug|Any CPU
		{C64533FC-4066-438D-9297-BDF1150B3F9A}.Debug|x64.Build.0 = Debug|Any CPU
		{C64533FC-4066-438D-9297-BDF1150B3F9A}.Debug|x86.ActiveCfg = Debug|Any CPU
		{C64533FC-4066-438D-9297-BDF1150B3F9A}.Debug|x86.Build.0 = Debug|Any CPU
		{C64533FC-4066-438D-9297-BDF1150B3F9A}.Release|Any CPU.ActiveCfg = Release|Any CPU
		{C64533FC-4066-438D-9297-BDF1150B3F9A}.Release|Any CPU.Build.0 = Release|Any CPU
		{C64533FC-4066-438D-9297-BDF1150B3F9A}.Release|x64.ActiveCfg = Release|Any CPU
		{C64533FC-4066-438D-9297-BDF1150B3F9A}.Release|x64.Build.0 = Release|Any CPU
		{C64533FC-4066-438D-9297-BDF1150B3F9A}.Release|x86.ActiveCfg = Release|Any CPU
		{C64533FC-4066-438D-9297-BDF1150B3F9A}.Release|x86.Build.0 = Release|Any CPU
		{DDE2DC69-2CD5-4C4F-98D3-3609942A6E63}.Debug|Any CPU.ActiveCfg = Debug|Any CPU
		{DDE2DC69-2CD5-4C4F-98D3-3609942A6E63}.Debug|Any CPU.Build.0 = Debug|Any CPU
		{DDE2DC69-2CD5-4C4F-98D3-3609942A6E63}.Debug|x64.ActiveCfg = Debug|Any CPU
		{DDE2DC69-2CD5-4C4F-98D3-3609942A6E63}.Debug|x64.Build.0 = Debug|Any CPU
		{DDE2DC69-2CD5-4C4F-98D3-3609942A6E63}.Debug|x86.ActiveCfg = Debug|Any CPU
		{DDE2DC69-2CD5-4C4F-98D3-3609942A6E63}.Debug|x86.Build.0 = Debug|Any CPU
		{DDE2DC69-2CD5-4C4F-98D3-3609942A6E63}.Release|Any CPU.ActiveCfg = Release|Any CPU
		{DDE2DC69-2CD5-4C4F-98D3-3609942A6E63}.Release|Any CPU.Build.0 = Release|Any CPU
		{DDE2DC69-2CD5-4C4F-98D3-3609942A6E63}.Release|x64.ActiveCfg = Release|Any CPU
		{DDE2DC69-2CD5-4C4F-98D3-3609942A6E63}.Release|x64.Build.0 = Release|Any CPU
		{DDE2DC69-2CD5-4C4F-98D3-3609942A6E63}.Release|x86.ActiveCfg = Release|Any CPU
		{DDE2DC69-2CD5-4C4F-98D3-3609942A6E63}.Release|x86.Build.0 = Release|Any CPU
		{89A1D156-DE58-4C80-B8C3-B1B389764D95}.Debug|Any CPU.ActiveCfg = Debug|Any CPU
		{89A1D156-DE58-4C80-B8C3-B1B389764D95}.Debug|Any CPU.Build.0 = Debug|Any CPU
		{89A1D156-DE58-4C80-B8C3-B1B389764D95}.Debug|x64.ActiveCfg = Debug|Any CPU
		{89A1D156-DE58-4C80-B8C3-B1B389764D95}.Debug|x64.Build.0 = Debug|Any CPU
		{89A1D156-DE58-4C80-B8C3-B1B389764D95}.Debug|x86.ActiveCfg = Debug|Any CPU
		{89A1D156-DE58-4C80-B8C3-B1B389764D95}.Debug|x86.Build.0 = Debug|Any CPU
		{89A1D156-DE58-4C80-B8C3-B1B389764D95}.Release|Any CPU.ActiveCfg = Release|Any CPU
		{89A1D156-DE58-4C80-B8C3-B1B389764D95}.Release|Any CPU.Build.0 = Release|Any CPU
		{89A1D156-DE58-4C80-B8C3-B1B389764D95}.Release|x64.ActiveCfg = Release|Any CPU
		{89A1D156-DE58-4C80-B8C3-B1B389764D95}.Release|x64.Build.0 = Release|Any CPU
		{89A1D156-DE58-4C80-B8C3-B1B389764D95}.Release|x86.ActiveCfg = Release|Any CPU
		{89A1D156-DE58-4C80-B8C3-B1B389764D95}.Release|x86.Build.0 = Release|Any CPU
		{9D92BAD3-058A-452C-8701-C0E7C3AE268E}.Debug|Any CPU.ActiveCfg = Debug|Any CPU
		{9D92BAD3-058A-452C-8701-C0E7C3AE268E}.Debug|Any CPU.Build.0 = Debug|Any CPU
		{9D92BAD3-058A-452C-8701-C0E7C3AE268E}.Debug|x64.ActiveCfg = Debug|Any CPU
		{9D92BAD3-058A-452C-8701-C0E7C3AE268E}.Debug|x64.Build.0 = Debug|Any CPU
		{9D92BAD3-058A-452C-8701-C0E7C3AE268E}.Debug|x86.ActiveCfg = Debug|Any CPU
		{9D92BAD3-058A-452C-8701-C0E7C3AE268E}.Debug|x86.Build.0 = Debug|Any CPU
		{9D92BAD3-058A-452C-8701-C0E7C3AE268E}.Release|Any CPU.ActiveCfg = Release|Any CPU
		{9D92BAD3-058A-452C-8701-C0E7C3AE268E}.Release|Any CPU.Build.0 = Release|Any CPU
		{9D92BAD3-058A-452C-8701-C0E7C3AE268E}.Release|x64.ActiveCfg = Release|Any CPU
		{9D92BAD3-058A-452C-8701-C0E7C3AE268E}.Release|x64.Build.0 = Release|Any CPU
		{9D92BAD3-058A-452C-8701-C0E7C3AE268E}.Release|x86.ActiveCfg = Release|Any CPU
		{9D92BAD3-058A-452C-8701-C0E7C3AE268E}.Release|x86.Build.0 = Release|Any CPU
		{2A5BA455-1A0F-4B36-998D-0FBDBCF69137}.Debug|Any CPU.ActiveCfg = Debug|Any CPU
		{2A5BA455-1A0F-4B36-998D-0FBDBCF69137}.Debug|Any CPU.Build.0 = Debug|Any CPU
		{2A5BA455-1A0F-4B36-998D-0FBDBCF69137}.Debug|x64.ActiveCfg = Debug|Any CPU
		{2A5BA455-1A0F-4B36-998D-0FBDBCF69137}.Debug|x64.Build.0 = Debug|Any CPU
		{2A5BA455-1A0F-4B36-998D-0FBDBCF69137}.Debug|x86.ActiveCfg = Debug|Any CPU
		{2A5BA455-1A0F-4B36-998D-0FBDBCF69137}.Debug|x86.Build.0 = Debug|Any CPU
		{2A5BA455-1A0F-4B36-998D-0FBDBCF69137}.Release|Any CPU.ActiveCfg = Release|Any CPU
		{2A5BA455-1A0F-4B36-998D-0FBDBCF69137}.Release|Any CPU.Build.0 = Release|Any CPU
		{2A5BA455-1A0F-4B36-998D-0FBDBCF69137}.Release|x64.ActiveCfg = Release|Any CPU
		{2A5BA455-1A0F-4B36-998D-0FBDBCF69137}.Release|x64.Build.0 = Release|Any CPU
		{2A5BA455-1A0F-4B36-998D-0FBDBCF69137}.Release|x86.ActiveCfg = Release|Any CPU
		{2A5BA455-1A0F-4B36-998D-0FBDBCF69137}.Release|x86.Build.0 = Release|Any CPU
		{818BF6BF-9F97-47E5-8AFC-77E3EDA2A5C9}.Debug|Any CPU.ActiveCfg = Debug|Any CPU
		{818BF6BF-9F97-47E5-8AFC-77E3EDA2A5C9}.Debug|Any CPU.Build.0 = Debug|Any CPU
		{818BF6BF-9F97-47E5-8AFC-77E3EDA2A5C9}.Debug|x64.ActiveCfg = Debug|Any CPU
		{818BF6BF-9F97-47E5-8AFC-77E3EDA2A5C9}.Debug|x64.Build.0 = Debug|Any CPU
		{818BF6BF-9F97-47E5-8AFC-77E3EDA2A5C9}.Debug|x86.ActiveCfg = Debug|Any CPU
		{818BF6BF-9F97-47E5-8AFC-77E3EDA2A5C9}.Debug|x86.Build.0 = Debug|Any CPU
		{818BF6BF-9F97-47E5-8AFC-77E3EDA2A5C9}.Release|Any CPU.ActiveCfg = Release|Any CPU
		{818BF6BF-9F97-47E5-8AFC-77E3EDA2A5C9}.Release|Any CPU.Build.0 = Release|Any CPU
		{818BF6BF-9F97-47E5-8AFC-77E3EDA2A5C9}.Release|x64.ActiveCfg = Release|Any CPU
		{818BF6BF-9F97-47E5-8AFC-77E3EDA2A5C9}.Release|x64.Build.0 = Release|Any CPU
		{818BF6BF-9F97-47E5-8AFC-77E3EDA2A5C9}.Release|x86.ActiveCfg = Release|Any CPU
		{818BF6BF-9F97-47E5-8AFC-77E3EDA2A5C9}.Release|x86.Build.0 = Release|Any CPU
		{8700169A-D8F2-49C0-A5E7-AC4CD2704F92}.Debug|Any CPU.ActiveCfg = Debug|Any CPU
		{8700169A-D8F2-49C0-A5E7-AC4CD2704F92}.Debug|Any CPU.Build.0 = Debug|Any CPU
		{8700169A-D8F2-49C0-A5E7-AC4CD2704F92}.Debug|x64.ActiveCfg = Debug|Any CPU
		{8700169A-D8F2-49C0-A5E7-AC4CD2704F92}.Debug|x64.Build.0 = Debug|Any CPU
		{8700169A-D8F2-49C0-A5E7-AC4CD2704F92}.Debug|x86.ActiveCfg = Debug|Any CPU
		{8700169A-D8F2-49C0-A5E7-AC4CD2704F92}.Debug|x86.Build.0 = Debug|Any CPU
		{8700169A-D8F2-49C0-A5E7-AC4CD2704F92}.Release|Any CPU.ActiveCfg = Release|Any CPU
		{8700169A-D8F2-49C0-A5E7-AC4CD2704F92}.Release|Any CPU.Build.0 = Release|Any CPU
		{8700169A-D8F2-49C0-A5E7-AC4CD2704F92}.Release|x64.ActiveCfg = Release|Any CPU
		{8700169A-D8F2-49C0-A5E7-AC4CD2704F92}.Release|x64.Build.0 = Release|Any CPU
		{8700169A-D8F2-49C0-A5E7-AC4CD2704F92}.Release|x86.ActiveCfg = Release|Any CPU
		{8700169A-D8F2-49C0-A5E7-AC4CD2704F92}.Release|x86.Build.0 = Release|Any CPU
		{345B6CFE-BFB6-40BF-BA29-C55BF3F36B03}.Debug|Any CPU.ActiveCfg = Debug|Any CPU
		{345B6CFE-BFB6-40BF-BA29-C55BF3F36B03}.Debug|Any CPU.Build.0 = Debug|Any CPU
		{345B6CFE-BFB6-40BF-BA29-C55BF3F36B03}.Debug|x64.ActiveCfg = Debug|Any CPU
		{345B6CFE-BFB6-40BF-BA29-C55BF3F36B03}.Debug|x64.Build.0 = Debug|Any CPU
		{345B6CFE-BFB6-40BF-BA29-C55BF3F36B03}.Debug|x86.ActiveCfg = Debug|Any CPU
		{345B6CFE-BFB6-40BF-BA29-C55BF3F36B03}.Debug|x86.Build.0 = Debug|Any CPU
		{345B6CFE-BFB6-40BF-BA29-C55BF3F36B03}.Release|Any CPU.ActiveCfg = Release|Any CPU
		{345B6CFE-BFB6-40BF-BA29-C55BF3F36B03}.Release|Any CPU.Build.0 = Release|Any CPU
		{345B6CFE-BFB6-40BF-BA29-C55BF3F36B03}.Release|x64.ActiveCfg = Release|Any CPU
		{345B6CFE-BFB6-40BF-BA29-C55BF3F36B03}.Release|x64.Build.0 = Release|Any CPU
		{345B6CFE-BFB6-40BF-BA29-C55BF3F36B03}.Release|x86.ActiveCfg = Release|Any CPU
		{345B6CFE-BFB6-40BF-BA29-C55BF3F36B03}.Release|x86.Build.0 = Release|Any CPU
		{68B11319-F6CA-42F6-97ED-0F0737F524B6}.Debug|Any CPU.ActiveCfg = Debug|Any CPU
		{68B11319-F6CA-42F6-97ED-0F0737F524B6}.Debug|Any CPU.Build.0 = Debug|Any CPU
		{68B11319-F6CA-42F6-97ED-0F0737F524B6}.Debug|x64.ActiveCfg = Debug|Any CPU
		{68B11319-F6CA-42F6-97ED-0F0737F524B6}.Debug|x64.Build.0 = Debug|Any CPU
		{68B11319-F6CA-42F6-97ED-0F0737F524B6}.Debug|x86.ActiveCfg = Debug|Any CPU
		{68B11319-F6CA-42F6-97ED-0F0737F524B6}.Debug|x86.Build.0 = Debug|Any CPU
		{68B11319-F6CA-42F6-97ED-0F0737F524B6}.Release|Any CPU.ActiveCfg = Release|Any CPU
		{68B11319-F6CA-42F6-97ED-0F0737F524B6}.Release|Any CPU.Build.0 = Release|Any CPU
		{68B11319-F6CA-42F6-97ED-0F0737F524B6}.Release|x64.ActiveCfg = Release|Any CPU
		{68B11319-F6CA-42F6-97ED-0F0737F524B6}.Release|x64.Build.0 = Release|Any CPU
		{68B11319-F6CA-42F6-97ED-0F0737F524B6}.Release|x86.ActiveCfg = Release|Any CPU
		{68B11319-F6CA-42F6-97ED-0F0737F524B6}.Release|x86.Build.0 = Release|Any CPU
		{3A942AFA-B235-4641-8395-5F0757F6FED3}.Debug|Any CPU.ActiveCfg = Debug|Any CPU
		{3A942AFA-B235-4641-8395-5F0757F6FED3}.Debug|Any CPU.Build.0 = Debug|Any CPU
		{3A942AFA-B235-4641-8395-5F0757F6FED3}.Debug|x64.ActiveCfg = Debug|Any CPU
		{3A942AFA-B235-4641-8395-5F0757F6FED3}.Debug|x64.Build.0 = Debug|Any CPU
		{3A942AFA-B235-4641-8395-5F0757F6FED3}.Debug|x86.ActiveCfg = Debug|Any CPU
		{3A942AFA-B235-4641-8395-5F0757F6FED3}.Debug|x86.Build.0 = Debug|Any CPU
		{3A942AFA-B235-4641-8395-5F0757F6FED3}.Release|Any CPU.ActiveCfg = Release|Any CPU
		{3A942AFA-B235-4641-8395-5F0757F6FED3}.Release|Any CPU.Build.0 = Release|Any CPU
		{3A942AFA-B235-4641-8395-5F0757F6FED3}.Release|x64.ActiveCfg = Release|Any CPU
		{3A942AFA-B235-4641-8395-5F0757F6FED3}.Release|x64.Build.0 = Release|Any CPU
		{3A942AFA-B235-4641-8395-5F0757F6FED3}.Release|x86.ActiveCfg = Release|Any CPU
		{3A942AFA-B235-4641-8395-5F0757F6FED3}.Release|x86.Build.0 = Release|Any CPU
	EndGlobalSection
	GlobalSection(SolutionProperties) = preSolution
		HideSolutionNode = FALSE
	EndGlobalSection
	GlobalSection(NestedProjects) = preSolution
		{C64533FC-4066-438D-9297-BDF1150B3F9A} = {C37D00AF-DAC9-491B-B5C6-A207710F2A29}
		{DDE2DC69-2CD5-4C4F-98D3-3609942A6E63} = {C37D00AF-DAC9-491B-B5C6-A207710F2A29}
		{89A1D156-DE58-4C80-B8C3-B1B389764D95} = {C37D00AF-DAC9-491B-B5C6-A207710F2A29}
		{9D92BAD3-058A-452C-8701-C0E7C3AE268E} = {D28372A5-F895-4BF6-8069-7D9FA3302005}
		{2A5BA455-1A0F-4B36-998D-0FBDBCF69137} = {D28372A5-F895-4BF6-8069-7D9FA3302005}
		{818BF6BF-9F97-47E5-8AFC-77E3EDA2A5C9} = {D28372A5-F895-4BF6-8069-7D9FA3302005}
		{8700169A-D8F2-49C0-A5E7-AC4CD2704F92} = {F5361906-E39C-406A-8C95-B14694F74944}
		{345B6CFE-BFB6-40BF-BA29-C55BF3F36B03} = {D28372A5-F895-4BF6-8069-7D9FA3302005}
		{68B11319-F6CA-42F6-97ED-0F0737F524B6} = {D28372A5-F895-4BF6-8069-7D9FA3302005}
		{3A942AFA-B235-4641-8395-5F0757F6FED3} = {F5361906-E39C-406A-8C95-B14694F74944}
		{39170A5E-0901-44C6-BEC5-FEDD795EDA40} = {D28372A5-F895-4BF6-8069-7D9FA3302005}
	EndGlobalSection
EndGlobal
